
Microsoft Visual Studio Solution File, Format Version 12.00
# Visual Studio Version 17
VisualStudioVersion = 17.10.35122.118
MinimumVisualStudioVersion = 10.0.40219.1
Project("{9A19103F-16F7-4668-BE54-9A1E7A4F7556}") = "Finansium.Api", "Finansium.Api\Finansium.Api.csproj", "{3BD35096-834B-4BEF-9A16-2F08A0E33487}"
EndProject
Project("{2150E333-8FDC-42A3-9474-1A3956D46DE8}") = "Solution Items", "Solution Items", "{B3B2ECB1-3853-4485-9EFF-4400B04922FD}"
	ProjectSection(SolutionItems) = preProject
		.editorconfig = .editorconfig
		Directory.Build.props = Directory.Build.props
	EndProjectSection
EndProject
Project("{9A19103F-16F7-4668-BE54-9A1E7A4F7556}") = "Finansium.Domain", "Finansium.Domain\Finansium.Domain.csproj", "{686EDB17-EF22-4A11-91EB-5A6F09E24E27}"
EndProject
Project("{FAE04EC0-301F-11D3-BF4B-00C04F79EFBC}") = "Finansium.Application", "Finansium.Application\Finansium.Application.csproj", "{D7CC17A4-4E80-4FC1-AA1E-B70E132508D7}"
EndProject
Project("{FAE04EC0-301F-11D3-BF4B-00C04F79EFBC}") = "Finansium.Persistence", "Finansium.Persistence\Finansium.Persistence.csproj", "{5C083839-3108-43BA-88A4-CD1C8733E17D}"
EndProject
Project("{FAE04EC0-301F-11D3-BF4B-00C04F79EFBC}") = "Finansium.Infrastructure", "Finansium.Infrastructure\Finansium.Infrastructure.csproj", "{1BE5BFF2-8BB0-4DFC-BA85-8E0C9744BB53}"
EndProject
Project("{FAE04EC0-301F-11D3-BF4B-00C04F79EFBC}") = "Finansium.Shared", "Finansium.Shared\Finansium.Shared.csproj", "{8833061E-0AE6-47FD-A5A5-32F328C38250}"
EndProject
Global
	GlobalSection(SolutionConfigurationPlatforms) = preSolution
		Debug|Any CPU = Debug|Any CPU
		Release|Any CPU = Release|Any CPU
	EndGlobalSection
	GlobalSection(ProjectConfigurationPlatforms) = postSolution
		{3BD35096-834B-4BEF-9A16-2F08A0E33487}.Debug|Any CPU.ActiveCfg = Debug|Any CPU
		{3BD35096-834B-4BEF-9A16-2F08A0E33487}.Debug|Any CPU.Build.0 = Debug|Any CPU
		{3BD35096-834B-4BEF-9A16-2F08A0E33487}.Release|Any CPU.ActiveCfg = Release|Any CPU
		{3BD35096-834B-4BEF-9A16-2F08A0E33487}.Release|Any CPU.Build.0 = Release|Any CPU
		{686EDB17-EF22-4A11-91EB-5A6F09E24E27}.Debug|Any CPU.ActiveCfg = Debug|Any CPU
		{686EDB17-EF22-4A11-91EB-5A6F09E24E27}.Debug|Any CPU.Build.0 = Debug|Any CPU
		{686EDB17-EF22-4A11-91EB-5A6F09E24E27}.Release|Any CPU.ActiveCfg = Release|Any CPU
		{686EDB17-EF22-4A11-91EB-5A6F09E24E27}.Release|Any CPU.Build.0 = Release|Any CPU
		{D7CC17A4-4E80-4FC1-AA1E-B70E132508D7}.Debug|Any CPU.ActiveCfg = Debug|Any CPU
		{D7CC17A4-4E80-4FC1-AA1E-B70E132508D7}.Debug|Any CPU.Build.0 = Debug|Any CPU
		{D7CC17A4-4E80-4FC1-AA1E-B70E132508D7}.Release|Any CPU.ActiveCfg = Release|Any CPU
		{D7CC17A4-4E80-4FC1-AA1E-B70E132508D7}.Release|Any CPU.Build.0 = Release|Any CPU
		{5C083839-3108-43BA-88A4-CD1C8733E17D}.Debug|Any CPU.ActiveCfg = Debug|Any CPU
		{5C083839-3108-43BA-88A4-CD1C8733E17D}.Debug|Any CPU.Build.0 = Debug|Any CPU
		{5C083839-3108-43BA-88A4-CD1C8733E17D}.Release|Any CPU.ActiveCfg = Release|Any CPU
		{5C083839-3108-43BA-88A4-CD1C8733E17D}.Release|Any CPU.Build.0 = Release|Any CPU
		{1BE5BFF2-8BB0-4DFC-BA85-8E0C9744BB53}.Debug|Any CPU.ActiveCfg = Debug|Any CPU
		{1BE5BFF2-8BB0-4DFC-BA85-8E0C9744BB53}.Debug|Any CPU.Build.0 = Debug|Any CPU
		{1BE5BFF2-8BB0-4DFC-BA85-8E0C9744BB53}.Release|Any CPU.ActiveCfg = Release|Any CPU
		{1BE5BFF2-8BB0-4DFC-BA85-8E0C9744BB53}.Release|Any CPU.Build.0 = Release|Any CPU
		{8833061E-0AE6-47FD-A5A5-32F328C38250}.Debug|Any CPU.ActiveCfg = Debug|Any CPU
		{8833061E-0AE6-47FD-A5A5-32F328C38250}.Debug|Any CPU.Build.0 = Debug|Any CPU
		{8833061E-0AE6-47FD-A5A5-32F328C38250}.Release|Any CPU.ActiveCfg = Release|Any CPU
		{8833061E-0AE6-47FD-A5A5-32F328C38250}.Release|Any CPU.Build.0 = Release|Any CPU
	EndGlobalSection
	GlobalSection(SolutionProperties) = preSolution
		HideSolutionNode = FALSE
	EndGlobalSection
	GlobalSection(ExtensibilityGlobals) = postSolution
		SolutionGuid = {9F41BB56-0BA2-40A3-8A07-DF5703548E2F}
	EndGlobalSection
EndGlobal
